
Microsoft Visual Studio Solution File, Format Version 12.00
# Visual Studio Version 17
VisualStudioVersion = 17.8.34330.188
MinimumVisualStudioVersion = 10.0.40219.1
Project("{9A19103F-16F7-4668-BE54-9A1E7A4F7556}") = "lab3", "lab3.csproj", "{274806B7-5D35-4A88-8919-209B70D80AA3}"
	ProjectSection(ProjectDependencies) = postProject
		{FC3477B5-1BAD-47C0-ABDF-810CE0DD5592} = {FC3477B5-1BAD-47C0-ABDF-810CE0DD5592}
	EndProjectSection
EndProject
Project("{8BC9CEB8-8B4A-11D0-8D11-00A0C91BC942}") = "Dll_for_lab3", "..\Dll_for_lab3\Dll_for_lab3.vcxproj", "{FC3477B5-1BAD-47C0-ABDF-810CE0DD5592}"
EndProject
Project("{9A19103F-16F7-4668-BE54-9A1E7A4F7556}") = "WpfApp1", "..\WpfApp2\WpfApp1.csproj", "{CC26E239-A0C7-4DE6-A0D1-3725E77E6ECD}"
EndProject
Global
	GlobalSection(SolutionConfigurationPlatforms) = preSolution
		Debug|Any CPU = Debug|Any CPU
		Debug|x64 = Debug|x64
		Debug|x86 = Debug|x86
		Release|Any CPU = Release|Any CPU
		Release|x64 = Release|x64
		Release|x86 = Release|x86
	EndGlobalSection
	GlobalSection(ProjectConfigurationPlatforms) = postSolution
		{274806B7-5D35-4A88-8919-209B70D80AA3}.Debug|Any CPU.ActiveCfg = Debug|Any CPU
		{274806B7-5D35-4A88-8919-209B70D80AA3}.Debug|Any CPU.Build.0 = Debug|Any CPU
		{274806B7-5D35-4A88-8919-209B70D80AA3}.Debug|x64.ActiveCfg = Debug|Any CPU
		{274806B7-5D35-4A88-8919-209B70D80AA3}.Debug|x64.Build.0 = Debug|Any CPU
		{274806B7-5D35-4A88-8919-209B70D80AA3}.Debug|x86.ActiveCfg = Debug|Any CPU
		{274806B7-5D35-4A88-8919-209B70D80AA3}.Debug|x86.Build.0 = Debug|Any CPU
		{274806B7-5D35-4A88-8919-209B70D80AA3}.Release|Any CPU.ActiveCfg = Release|Any CPU
		{274806B7-5D35-4A88-8919-209B70D80AA3}.Release|Any CPU.Build.0 = Release|Any CPU
		{274806B7-5D35-4A88-8919-209B70D80AA3}.Release|x64.ActiveCfg = Release|Any CPU
		{274806B7-5D35-4A88-8919-209B70D80AA3}.Release|x64.Build.0 = Release|Any CPU
		{274806B7-5D35-4A88-8919-209B70D80AA3}.Release|x86.ActiveCfg = Release|Any CPU
		{274806B7-5D35-4A88-8919-209B70D80AA3}.Release|x86.Build.0 = Release|Any CPU
		{FC3477B5-1BAD-47C0-ABDF-810CE0DD5592}.Debug|Any CPU.ActiveCfg = Debug|x64
		{FC3477B5-1BAD-47C0-ABDF-810CE0DD5592}.Debug|Any CPU.Build.0 = Debug|x64
		{FC3477B5-1BAD-47C0-ABDF-810CE0DD5592}.Debug|x64.ActiveCfg = Debug|x64
		{FC3477B5-1BAD-47C0-ABDF-810CE0DD5592}.Debug|x64.Build.0 = Debug|x64
		{FC3477B5-1BAD-47C0-ABDF-810CE0DD5592}.Debug|x86.ActiveCfg = Debug|Win32
		{FC3477B5-1BAD-47C0-ABDF-810CE0DD5592}.Debug|x86.Build.0 = Debug|Win32
		{FC3477B5-1BAD-47C0-ABDF-810CE0DD5592}.Release|Any CPU.ActiveCfg = Release|x64
		{FC3477B5-1BAD-47C0-ABDF-810CE0DD5592}.Release|Any CPU.Build.0 = Release|x64
		{FC3477B5-1BAD-47C0-ABDF-810CE0DD5592}.Release|x64.ActiveCfg = Release|x64
		{FC3477B5-1BAD-47C0-ABDF-810CE0DD5592}.Release|x64.Build.0 = Release|x64
		{FC3477B5-1BAD-47C0-ABDF-810CE0DD5592}.Release|x86.ActiveCfg = Release|Win32
		{FC3477B5-1BAD-47C0-ABDF-810CE0DD5592}.Release|x86.Build.0 = Release|Win32
		{CC26E239-A0C7-4DE6-A0D1-3725E77E6ECD}.Debug|Any CPU.ActiveCfg = Debug|Any CPU
		{CC26E239-A0C7-4DE6-A0D1-3725E77E6ECD}.Debug|Any CPU.Build.0 = Debug|Any CPU
		{CC26E239-A0C7-4DE6-A0D1-3725E77E6ECD}.Debug|x64.ActiveCfg = Debug|Any CPU
		{CC26E239-A0C7-4DE6-A0D1-3725E77E6ECD}.Debug|x64.Build.0 = Debug|Any CPU
		{CC26E239-A0C7-4DE6-A0D1-3725E77E6ECD}.Debug|x86.ActiveCfg = Debug|Any CPU
		{CC26E239-A0C7-4DE6-A0D1-3725E77E6ECD}.Debug|x86.Build.0 = Debug|Any CPU
		{CC26E239-A0C7-4DE6-A0D1-3725E77E6ECD}.Release|Any CPU.ActiveCfg = Release|Any CPU
		{CC26E239-A0C7-4DE6-A0D1-3725E77E6ECD}.Release|Any CPU.Build.0 = Release|Any CPU
		{CC26E239-A0C7-4DE6-A0D1-3725E77E6ECD}.Release|x64.ActiveCfg = Release|Any CPU
		{CC26E239-A0C7-4DE6-A0D1-3725E77E6ECD}.Release|x64.Build.0 = Release|Any CPU
		{CC26E239-A0C7-4DE6-A0D1-3725E77E6ECD}.Release|x86.ActiveCfg = Release|Any CPU
		{CC26E239-A0C7-4DE6-A0D1-3725E77E6ECD}.Release|x86.Build.0 = Release|Any CPU
	EndGlobalSection
	GlobalSection(SolutionProperties) = preSolution
		HideSolutionNode = FALSE
	EndGlobalSection
	GlobalSection(ExtensibilityGlobals) = postSolution
		SolutionGuid = {32573FCC-E200-4345-87BE-23B49D65F448}
	EndGlobalSection
EndGlobal
